
Microsoft Visual Studio Solution File, Format Version 12.00
# Visual Studio 15
VisualStudioVersion = 15.0.27130.2026
MinimumVisualStudioVersion = 10.0.40219.1
Project("{FAE04EC0-301F-11D3-BF4B-00C04F79EFBC}") = "KeyboardTrainer.WinFormsApp", "WinFormsApp\KeyboardTrainer.WinFormsApp.csproj", "{58904A96-90F4-483A-ACCB-312F8A37C776}"
EndProject
Project("{2150E333-8FDC-42A3-9474-1A3956D46DE8}") = "_", "_", "{DC62F048-3D61-4768-9AA9-AA394B87D0FE}"
	ProjectSection(SolutionItems) = preProject
		_Clean.ps1 = _Clean.ps1
		_Rebuild.ps1 = _Rebuild.ps1
		_Test.ps1 = _Test.ps1
	EndProjectSection
EndProject
Project("{FAE04EC0-301F-11D3-BF4B-00C04F79EFBC}") = "KeyboardTrainer.Core", "Core\KeyboardTrainer.Core.csproj", "{635362F9-AC41-4D80-BFCE-AB52848EB2F6}"
EndProject
Project("{2150E333-8FDC-42A3-9474-1A3956D46DE8}") = "Tools", "Tools", "{6A3A5515-A0B0-45B6-AB54-D4D9C6D5227D}"
EndProject
Project("{FAE04EC0-301F-11D3-BF4B-00C04F79EFBC}") = "LanguageChecker", "Tools\LanguageChecker\LanguageChecker.csproj", "{EF4BD753-D840-4AFF-BEB3-B05C56825E55}"
EndProject
Project("{FAE04EC0-301F-11D3-BF4B-00C04F79EFBC}") = "KeyboardTrainer.Core.Tests", "Core.Tests\KeyboardTrainer.Core.Tests.csproj", "{A06F0E1D-5626-49FB-85BC-86B9DA983014}"
	ProjectSection(ProjectDependencies) = postProject
		{58904A96-90F4-483A-ACCB-312F8A37C776} = {58904A96-90F4-483A-ACCB-312F8A37C776}
	EndProjectSection
EndProject
Project("{FAE04EC0-301F-11D3-BF4B-00C04F79EFBC}") = "Articulator", "Tools\Articulator\Articulator.csproj", "{02189F47-7549-4D15-92C1-74C62EB101D2}"
EndProject
Project("{2150E333-8FDC-42A3-9474-1A3956D46DE8}") = "_Infrastructure", "_Infrastructure", "{57053370-EB21-4361-9768-A58C6E5AEC5E}"
EndProject
Project("{FAE04EC0-301F-11D3-BF4B-00C04F79EFBC}") = "Infrastructure.Base", "..\_Infrastructure\Base\Infrastructure.Base.csproj", "{30927C96-7054-49E3-8A35-90C3AED782BF}"
EndProject
Project("{FAE04EC0-301F-11D3-BF4B-00C04F79EFBC}") = "Infrastructure.WinForms", "..\_Infrastructure\WinForms\Infrastructure.WinForms.csproj", "{3A855739-3B63-4646-8F00-19739D435E22}"
EndProject
Project("{FAE04EC0-301F-11D3-BF4B-00C04F79EFBC}") = "Infrastructure.Testing", "..\_Infrastructure\Testing\Infrastructure.Testing.csproj", "{11FFA35B-C262-4D76-9C46-BB34474D000B}"
EndProject
Project("{FAE04EC0-301F-11D3-BF4B-00C04F79EFBC}") = "KeyboardTrainer.WinFormsApp.Tests", "WinFormsApp.Tests\KeyboardTrainer.WinFormsApp.Tests.csproj", "{15A3216A-F50A-4B67-B169-086DA24FD15B}"
EndProject
Project("{FAE04EC0-301F-11D3-BF4B-00C04F79EFBC}") = "KeyboardTrainer.AllTests", "AllTests\KeyboardTrainer.AllTests.csproj", "{679A197E-4938-4405-A8D5-8A44A322914D}"
EndProject
Global
	GlobalSection(SolutionConfigurationPlatforms) = preSolution
		Debug|Any CPU = Debug|Any CPU
		Debug_Ru|Any CPU = Debug_Ru|Any CPU
		Dev|Any CPU = Dev|Any CPU
		Release_Ru|Any CPU = Release_Ru|Any CPU
		Release|Any CPU = Release|Any CPU
		Test|Any CPU = Test|Any CPU
	EndGlobalSection
	GlobalSection(ProjectConfigurationPlatforms) = postSolution
		{58904A96-90F4-483A-ACCB-312F8A37C776}.Debug_Ru|Any CPU.ActiveCfg = Debug_Ru|Any CPU
		{58904A96-90F4-483A-ACCB-312F8A37C776}.Debug_Ru|Any CPU.Build.0 = Debug_Ru|Any CPU
		{58904A96-90F4-483A-ACCB-312F8A37C776}.Debug|Any CPU.ActiveCfg = Debug|Any CPU
		{58904A96-90F4-483A-ACCB-312F8A37C776}.Debug|Any CPU.Build.0 = Debug|Any CPU
		{58904A96-90F4-483A-ACCB-312F8A37C776}.Dev|Any CPU.ActiveCfg = Debug|Any CPU
		{58904A96-90F4-483A-ACCB-312F8A37C776}.Dev|Any CPU.Build.0 = Debug|Any CPU
		{58904A96-90F4-483A-ACCB-312F8A37C776}.Release_Ru|Any CPU.ActiveCfg = Release_Ru|Any CPU
		{58904A96-90F4-483A-ACCB-312F8A37C776}.Release_Ru|Any CPU.Build.0 = Release_Ru|Any CPU
		{58904A96-90F4-483A-ACCB-312F8A37C776}.Release|Any CPU.ActiveCfg = Release|Any CPU
		{58904A96-90F4-483A-ACCB-312F8A37C776}.Release|Any CPU.Build.0 = Release|Any CPU
		{58904A96-90F4-483A-ACCB-312F8A37C776}.Test|Any CPU.ActiveCfg = Release|Any CPU
		{58904A96-90F4-483A-ACCB-312F8A37C776}.Test|Any CPU.Build.0 = Release|Any CPU
		{635362F9-AC41-4D80-BFCE-AB52848EB2F6}.Debug_Ru|Any CPU.ActiveCfg = Debug|Any CPU
		{635362F9-AC41-4D80-BFCE-AB52848EB2F6}.Debug_Ru|Any CPU.Build.0 = Debug|Any CPU
		{635362F9-AC41-4D80-BFCE-AB52848EB2F6}.Debug|Any CPU.ActiveCfg = Debug|Any CPU
		{635362F9-AC41-4D80-BFCE-AB52848EB2F6}.Debug|Any CPU.Build.0 = Debug|Any CPU
		{635362F9-AC41-4D80-BFCE-AB52848EB2F6}.Dev|Any CPU.ActiveCfg = Debug|Any CPU
		{635362F9-AC41-4D80-BFCE-AB52848EB2F6}.Dev|Any CPU.Build.0 = Debug|Any CPU
		{635362F9-AC41-4D80-BFCE-AB52848EB2F6}.Release_Ru|Any CPU.ActiveCfg = Release|Any CPU
		{635362F9-AC41-4D80-BFCE-AB52848EB2F6}.Release_Ru|Any CPU.Build.0 = Release|Any CPU
		{635362F9-AC41-4D80-BFCE-AB52848EB2F6}.Release|Any CPU.ActiveCfg = Release|Any CPU
		{635362F9-AC41-4D80-BFCE-AB52848EB2F6}.Release|Any CPU.Build.0 = Release|Any CPU
		{635362F9-AC41-4D80-BFCE-AB52848EB2F6}.Test|Any CPU.ActiveCfg = Release|Any CPU
		{635362F9-AC41-4D80-BFCE-AB52848EB2F6}.Test|Any CPU.Build.0 = Release|Any CPU
		{EF4BD753-D840-4AFF-BEB3-B05C56825E55}.Debug_Ru|Any CPU.ActiveCfg = Debug|Any CPU
		{EF4BD753-D840-4AFF-BEB3-B05C56825E55}.Debug_Ru|Any CPU.Build.0 = Debug|Any CPU
		{EF4BD753-D840-4AFF-BEB3-B05C56825E55}.Debug|Any CPU.ActiveCfg = Debug|Any CPU
		{EF4BD753-D840-4AFF-BEB3-B05C56825E55}.Debug|Any CPU.Build.0 = Debug|Any CPU
		{EF4BD753-D840-4AFF-BEB3-B05C56825E55}.Dev|Any CPU.ActiveCfg = Debug|Any CPU
		{EF4BD753-D840-4AFF-BEB3-B05C56825E55}.Dev|Any CPU.Build.0 = Debug|Any CPU
		{EF4BD753-D840-4AFF-BEB3-B05C56825E55}.Release_Ru|Any CPU.ActiveCfg = Release|Any CPU
		{EF4BD753-D840-4AFF-BEB3-B05C56825E55}.Release|Any CPU.ActiveCfg = Release|Any CPU
		{EF4BD753-D840-4AFF-BEB3-B05C56825E55}.Test|Any CPU.ActiveCfg = Release|Any CPU
		{EF4BD753-D840-4AFF-BEB3-B05C56825E55}.Test|Any CPU.Build.0 = Release|Any CPU
		{A06F0E1D-5626-49FB-85BC-86B9DA983014}.Debug_Ru|Any CPU.ActiveCfg = Debug_Ru|Any CPU
		{A06F0E1D-5626-49FB-85BC-86B9DA983014}.Debug_Ru|Any CPU.Build.0 = Debug_Ru|Any CPU
		{A06F0E1D-5626-49FB-85BC-86B9DA983014}.Debug|Any CPU.ActiveCfg = Debug|Any CPU
		{A06F0E1D-5626-49FB-85BC-86B9DA983014}.Debug|Any CPU.Build.0 = Debug|Any CPU
		{A06F0E1D-5626-49FB-85BC-86B9DA983014}.Dev|Any CPU.ActiveCfg = Debug|Any CPU
		{A06F0E1D-5626-49FB-85BC-86B9DA983014}.Dev|Any CPU.Build.0 = Debug|Any CPU
		{A06F0E1D-5626-49FB-85BC-86B9DA983014}.Release_Ru|Any CPU.ActiveCfg = Release_Ru|Any CPU
		{A06F0E1D-5626-49FB-85BC-86B9DA983014}.Release_Ru|Any CPU.Build.0 = Release_Ru|Any CPU
		{A06F0E1D-5626-49FB-85BC-86B9DA983014}.Release|Any CPU.ActiveCfg = Release|Any CPU
		{A06F0E1D-5626-49FB-85BC-86B9DA983014}.Release|Any CPU.Build.0 = Release|Any CPU
		{A06F0E1D-5626-49FB-85BC-86B9DA983014}.Test|Any CPU.ActiveCfg = Release|Any CPU
		{A06F0E1D-5626-49FB-85BC-86B9DA983014}.Test|Any CPU.Build.0 = Release|Any CPU
		{02189F47-7549-4D15-92C1-74C62EB101D2}.Debug_Ru|Any CPU.ActiveCfg = Debug|Any CPU
		{02189F47-7549-4D15-92C1-74C62EB101D2}.Debug_Ru|Any CPU.Build.0 = Debug|Any CPU
		{02189F47-7549-4D15-92C1-74C62EB101D2}.Debug|Any CPU.ActiveCfg = Debug|Any CPU
		{02189F47-7549-4D15-92C1-74C62EB101D2}.Debug|Any CPU.Build.0 = Debug|Any CPU
		{02189F47-7549-4D15-92C1-74C62EB101D2}.Dev|Any CPU.ActiveCfg = Debug|Any CPU
		{02189F47-7549-4D15-92C1-74C62EB101D2}.Dev|Any CPU.Build.0 = Debug|Any CPU
		{02189F47-7549-4D15-92C1-74C62EB101D2}.Release_Ru|Any CPU.ActiveCfg = Release|Any CPU
		{02189F47-7549-4D15-92C1-74C62EB101D2}.Release_Ru|Any CPU.Build.0 = Release|Any CPU
		{02189F47-7549-4D15-92C1-74C62EB101D2}.Release|Any CPU.ActiveCfg = Release|Any CPU
		{02189F47-7549-4D15-92C1-74C62EB101D2}.Release|Any CPU.Build.0 = Release|Any CPU
		{02189F47-7549-4D15-92C1-74C62EB101D2}.Test|Any CPU.ActiveCfg = Release|Any CPU
		{02189F47-7549-4D15-92C1-74C62EB101D2}.Test|Any CPU.Build.0 = Release|Any CPU
		{30927C96-7054-49E3-8A35-90C3AED782BF}.Debug_Ru|Any CPU.ActiveCfg = Debug|Any CPU
		{30927C96-7054-49E3-8A35-90C3AED782BF}.Debug_Ru|Any CPU.Build.0 = Debug|Any CPU
		{30927C96-7054-49E3-8A35-90C3AED782BF}.Debug|Any CPU.ActiveCfg = Debug|Any CPU
		{30927C96-7054-49E3-8A35-90C3AED782BF}.Debug|Any CPU.Build.0 = Debug|Any CPU
		{30927C96-7054-49E3-8A35-90C3AED782BF}.Dev|Any CPU.ActiveCfg = Debug|Any CPU
		{30927C96-7054-49E3-8A35-90C3AED782BF}.Dev|Any CPU.Build.0 = Debug|Any CPU
		{30927C96-7054-49E3-8A35-90C3AED782BF}.Release_Ru|Any CPU.ActiveCfg = Release|Any CPU
		{30927C96-7054-49E3-8A35-90C3AED782BF}.Release_Ru|Any CPU.Build.0 = Release|Any CPU
		{30927C96-7054-49E3-8A35-90C3AED782BF}.Release|Any CPU.ActiveCfg = Release|Any CPU
		{30927C96-7054-49E3-8A35-90C3AED782BF}.Release|Any CPU.Build.0 = Release|Any CPU
		{30927C96-7054-49E3-8A35-90C3AED782BF}.Test|Any CPU.ActiveCfg = Release|Any CPU
		{30927C96-7054-49E3-8A35-90C3AED782BF}.Test|Any CPU.Build.0 = Release|Any CPU
		{3A855739-3B63-4646-8F00-19739D435E22}.Debug_Ru|Any CPU.ActiveCfg = Debug|Any CPU
		{3A855739-3B63-4646-8F00-19739D435E22}.Debug_Ru|Any CPU.Build.0 = Debug|Any CPU
		{3A855739-3B63-4646-8F00-19739D435E22}.Debug|Any CPU.ActiveCfg = Debug|Any CPU
		{3A855739-3B63-4646-8F00-19739D435E22}.Debug|Any CPU.Build.0 = Debug|Any CPU
		{3A855739-3B63-4646-8F00-19739D435E22}.Dev|Any CPU.ActiveCfg = Dev|Any CPU
		{3A855739-3B63-4646-8F00-19739D435E22}.Dev|Any CPU.Build.0 = Dev|Any CPU
		{3A855739-3B63-4646-8F00-19739D435E22}.Release_Ru|Any CPU.ActiveCfg = Release|Any CPU
		{3A855739-3B63-4646-8F00-19739D435E22}.Release_Ru|Any CPU.Build.0 = Release|Any CPU
		{3A855739-3B63-4646-8F00-19739D435E22}.Release|Any CPU.ActiveCfg = Release|Any CPU
		{3A855739-3B63-4646-8F00-19739D435E22}.Release|Any CPU.Build.0 = Release|Any CPU
		{3A855739-3B63-4646-8F00-19739D435E22}.Test|Any CPU.ActiveCfg = Test|Any CPU
		{3A855739-3B63-4646-8F00-19739D435E22}.Test|Any CPU.Build.0 = Test|Any CPU
		{11FFA35B-C262-4D76-9C46-BB34474D000B}.Debug_Ru|Any CPU.ActiveCfg = Debug|Any CPU
		{11FFA35B-C262-4D76-9C46-BB34474D000B}.Debug_Ru|Any CPU.Build.0 = Debug|Any CPU
		{11FFA35B-C262-4D76-9C46-BB34474D000B}.Debug|Any CPU.ActiveCfg = Debug|Any CPU
		{11FFA35B-C262-4D76-9C46-BB34474D000B}.Debug|Any CPU.Build.0 = Debug|Any CPU
		{11FFA35B-C262-4D76-9C46-BB34474D000B}.Dev|Any CPU.ActiveCfg = Debug|Any CPU
		{11FFA35B-C262-4D76-9C46-BB34474D000B}.Dev|Any CPU.Build.0 = Debug|Any CPU
		{11FFA35B-C262-4D76-9C46-BB34474D000B}.Release_Ru|Any CPU.ActiveCfg = Release|Any CPU
		{11FFA35B-C262-4D76-9C46-BB34474D000B}.Release_Ru|Any CPU.Build.0 = Release|Any CPU
		{11FFA35B-C262-4D76-9C46-BB34474D000B}.Release|Any CPU.ActiveCfg = Release|Any CPU
		{11FFA35B-C262-4D76-9C46-BB34474D000B}.Release|Any CPU.Build.0 = Release|Any CPU
		{11FFA35B-C262-4D76-9C46-BB34474D000B}.Test|Any CPU.ActiveCfg = Release|Any CPU
		{11FFA35B-C262-4D76-9C46-BB34474D000B}.Test|Any CPU.Build.0 = Release|Any CPU
		{15A3216A-F50A-4B67-B169-086DA24FD15B}.Debug_Ru|Any CPU.ActiveCfg = Debug|Any CPU
		{15A3216A-F50A-4B67-B169-086DA24FD15B}.Debug_Ru|Any CPU.Build.0 = Debug|Any CPU
		{15A3216A-F50A-4B67-B169-086DA24FD15B}.Debug|Any CPU.ActiveCfg = Debug|Any CPU
		{15A3216A-F50A-4B67-B169-086DA24FD15B}.Debug|Any CPU.Build.0 = Debug|Any CPU
		{15A3216A-F50A-4B67-B169-086DA24FD15B}.Dev|Any CPU.ActiveCfg = Debug|Any CPU
		{15A3216A-F50A-4B67-B169-086DA24FD15B}.Dev|Any CPU.Build.0 = Debug|Any CPU
		{15A3216A-F50A-4B67-B169-086DA24FD15B}.Release_Ru|Any CPU.ActiveCfg = Release|Any CPU
		{15A3216A-F50A-4B67-B169-086DA24FD15B}.Release_Ru|Any CPU.Build.0 = Release|Any CPU
		{15A3216A-F50A-4B67-B169-086DA24FD15B}.Release|Any CPU.ActiveCfg = Release|Any CPU
		{15A3216A-F50A-4B67-B169-086DA24FD15B}.Release|Any CPU.Build.0 = Release|Any CPU
		{15A3216A-F50A-4B67-B169-086DA24FD15B}.Test|Any CPU.ActiveCfg = Release|Any CPU
		{15A3216A-F50A-4B67-B169-086DA24FD15B}.Test|Any CPU.Build.0 = Release|Any CPU
		{679A197E-4938-4405-A8D5-8A44A322914D}.Debug_Ru|Any CPU.ActiveCfg = Debug|Any CPU
		{679A197E-4938-4405-A8D5-8A44A322914D}.Debug_Ru|Any CPU.Build.0 = Debug|Any CPU
		{679A197E-4938-4405-A8D5-8A44A322914D}.Debug|Any CPU.ActiveCfg = Debug|Any CPU
		{679A197E-4938-4405-A8D5-8A44A322914D}.Debug|Any CPU.Build.0 = Debug|Any CPU
		{679A197E-4938-4405-A8D5-8A44A322914D}.Dev|Any CPU.ActiveCfg = Debug|Any CPU
		{679A197E-4938-4405-A8D5-8A44A322914D}.Dev|Any CPU.Build.0 = Debug|Any CPU
		{679A197E-4938-4405-A8D5-8A44A322914D}.Release_Ru|Any CPU.ActiveCfg = Release|Any CPU
		{679A197E-4938-4405-A8D5-8A44A322914D}.Release_Ru|Any CPU.Build.0 = Release|Any CPU
		{679A197E-4938-4405-A8D5-8A44A322914D}.Release|Any CPU.ActiveCfg = Release|Any CPU
		{679A197E-4938-4405-A8D5-8A44A322914D}.Release|Any CPU.Build.0 = Release|Any CPU
		{679A197E-4938-4405-A8D5-8A44A322914D}.Test|Any CPU.ActiveCfg = Release|Any CPU
		{679A197E-4938-4405-A8D5-8A44A322914D}.Test|Any CPU.Build.0 = Release|Any CPU
	EndGlobalSection
	GlobalSection(SolutionProperties) = preSolution
		HideSolutionNode = FALSE
	EndGlobalSection
	GlobalSection(NestedProjects) = preSolution
		{EF4BD753-D840-4AFF-BEB3-B05C56825E55} = {6A3A5515-A0B0-45B6-AB54-D4D9C6D5227D}
		{02189F47-7549-4D15-92C1-74C62EB101D2} = {6A3A5515-A0B0-45B6-AB54-D4D9C6D5227D}
		{30927C96-7054-49E3-8A35-90C3AED782BF} = {57053370-EB21-4361-9768-A58C6E5AEC5E}
		{3A855739-3B63-4646-8F00-19739D435E22} = {57053370-EB21-4361-9768-A58C6E5AEC5E}
		{11FFA35B-C262-4D76-9C46-BB34474D000B} = {57053370-EB21-4361-9768-A58C6E5AEC5E}
	EndGlobalSection
	GlobalSection(ExtensibilityGlobals) = postSolution
		SolutionGuid = {BF366280-CA5C-4894-97A8-C9D7E4871510}
	EndGlobalSection
EndGlobal
